
Microsoft Visual Studio Solution File, Format Version 12.00
# Visual Studio Version 16
VisualStudioVersion = 16.0.31129.286
MinimumVisualStudioVersion = 10.0.40219.1
Project("{9A19103F-16F7-4668-BE54-9A1E7A4F7556}") = "KampIntro", "KampIntro\KampIntro.csproj", "{EDEF7848-9379-4C82-AAF6-43A950C70BCA}"
EndProject
Project("{9A19103F-16F7-4668-BE54-9A1E7A4F7556}") = "Donguler", "Donguler\Donguler.csproj", "{84DBF8C0-2D1E-4E49-AEBB-CAA8A0202ADA}"
EndProject
Project("{9A19103F-16F7-4668-BE54-9A1E7A4F7556}") = "ClassIntro", "ClassIntro\ClassIntro.csproj", "{21D7FCA3-B2FF-4E49-B691-872AD625AFC9}"
EndProject
Project("{9A19103F-16F7-4668-BE54-9A1E7A4F7556}") = "TernaryOperatoru", "TernaryOperatoru\TernaryOperatoru.csproj", "{4E113DF1-FA86-4200-B94A-160CB6335777}"
EndProject
Project("{9A19103F-16F7-4668-BE54-9A1E7A4F7556}") = "SwitchYapisi", "SwitchYapisi\SwitchYapisi.csproj", "{93DCBA30-E559-4E13-9D91-611FEEFD12D2}"
EndProject
Project("{9A19103F-16F7-4668-BE54-9A1E7A4F7556}") = "WhileLoop", "WhileLoop\WhileLoop.csproj", "{F5F6ED62-6A70-4D37-BC5B-3FD132B9BE6F}"
EndProject
Project("{9A19103F-16F7-4668-BE54-9A1E7A4F7556}") = "ETicaret", "ETicaret\ETicaret.csproj", "{C28222AA-0A07-4374-8320-1135C1BF5A99}"
EndProject
Project("{9A19103F-16F7-4668-BE54-9A1E7A4F7556}") = "Metotlar", "Metotlar\Metotlar.csproj", "{EEC4C726-E21D-49DD-8475-7B1053430B92}"
EndProject
Project("{9A19103F-16F7-4668-BE54-9A1E7A4F7556}") = "Matematik", "Matematik\Matematik.csproj", "{AFA7C590-8443-4E0C-91C1-52D83AFAFCF0}"
EndProject
Project("{9A19103F-16F7-4668-BE54-9A1E7A4F7556}") = "DegerVeReferansTipler", "DegerVeReferansTipler\DegerVeReferansTipler.csproj", "{1A9F2FAB-6701-4470-AFD0-56CFF4AD66BC}"
EndProject
Project("{9A19103F-16F7-4668-BE54-9A1E7A4F7556}") = "Methods", "Methods\Methods.csproj", "{68FE01FF-248B-416F-9C3F-C3BAD0B006BD}"
EndProject
Project("{9A19103F-16F7-4668-BE54-9A1E7A4F7556}") = "Arrays", "Arrays\Arrays.csproj", "{0E630303-D8EC-4C59-ADFA-019228A8F91A}"
EndProject
Project("{9A19103F-16F7-4668-BE54-9A1E7A4F7556}") = "OOP1", "OOP1\OOP1.csproj", "{7DCDCB68-E636-4A92-A45E-D3C107A8B381}"
EndProject
Project("{9A19103F-16F7-4668-BE54-9A1E7A4F7556}") = "Koleksiyonlar", "Koleksiyonlar\Koleksiyonlar.csproj", "{37D06F4C-EFCE-4833-AB40-158C92C6303C}"
EndProject
Project("{9A19103F-16F7-4668-BE54-9A1E7A4F7556}") = "GenericsIntro", "GenericsIntro\GenericsIntro.csproj", "{38CC63B1-81F3-49F7-A480-62D1BFBFA382}"
EndProject
Project("{9A19103F-16F7-4668-BE54-9A1E7A4F7556}") = "ReferenceTypes", "ReferenceTypes\ReferenceTypes.csproj", "{C6940A1B-563A-461F-A00D-652A642C6374}"
EndProject
Project("{9A19103F-16F7-4668-BE54-9A1E7A4F7556}") = "Constructors", "Constructors\Constructors.csproj", "{F7774AD4-80E2-48FA-9FC3-E80C84A022BC}"
EndProject
Project("{9A19103F-16F7-4668-BE54-9A1E7A4F7556}") = "Generics", "Generics\Generics.csproj", "{B85C0017-33C9-4A8B-A28D-CB10574DE7B8}"
EndProject
Project("{9A19103F-16F7-4668-BE54-9A1E7A4F7556}") = "Dictionary", "Dictionary\Dictionary.csproj", "{9ADE1F14-EA96-4AB3-B2BA-8E58C4E27A40}"
EndProject
Project("{FAE04EC0-301F-11D3-BF4B-00C04F79EFBC}") = "OOP2", "OOP2\OOP2.csproj", "{6952D341-E210-46C4-A4E9-3FD5DFC7B351}"
EndProject
Project("{FAE04EC0-301F-11D3-BF4B-00C04F79EFBC}") = "OOP3", "OOP3\OOP3.csproj", "{27CDF77E-4B5F-4A8A-97CD-901689EB185C}"
EndProject
Global
	GlobalSection(SolutionConfigurationPlatforms) = preSolution
		Debug|Any CPU = Debug|Any CPU
		Release|Any CPU = Release|Any CPU
	EndGlobalSection
	GlobalSection(ProjectConfigurationPlatforms) = postSolution
		{EDEF7848-9379-4C82-AAF6-43A950C70BCA}.Debug|Any CPU.ActiveCfg = Debug|Any CPU
		{EDEF7848-9379-4C82-AAF6-43A950C70BCA}.Debug|Any CPU.Build.0 = Debug|Any CPU
		{EDEF7848-9379-4C82-AAF6-43A950C70BCA}.Release|Any CPU.ActiveCfg = Release|Any CPU
		{EDEF7848-9379-4C82-AAF6-43A950C70BCA}.Release|Any CPU.Build.0 = Release|Any CPU
		{84DBF8C0-2D1E-4E49-AEBB-CAA8A0202ADA}.Debug|Any CPU.ActiveCfg = Debug|Any CPU
		{84DBF8C0-2D1E-4E49-AEBB-CAA8A0202ADA}.Debug|Any CPU.Build.0 = Debug|Any CPU
		{84DBF8C0-2D1E-4E49-AEBB-CAA8A0202ADA}.Release|Any CPU.ActiveCfg = Release|Any CPU
		{84DBF8C0-2D1E-4E49-AEBB-CAA8A0202ADA}.Release|Any CPU.Build.0 = Release|Any CPU
		{21D7FCA3-B2FF-4E49-B691-872AD625AFC9}.Debug|Any CPU.ActiveCfg = Debug|Any CPU
		{21D7FCA3-B2FF-4E49-B691-872AD625AFC9}.Debug|Any CPU.Build.0 = Debug|Any CPU
		{21D7FCA3-B2FF-4E49-B691-872AD625AFC9}.Release|Any CPU.ActiveCfg = Release|Any CPU
		{21D7FCA3-B2FF-4E49-B691-872AD625AFC9}.Release|Any CPU.Build.0 = Release|Any CPU
		{4E113DF1-FA86-4200-B94A-160CB6335777}.Debug|Any CPU.ActiveCfg = Debug|Any CPU
		{4E113DF1-FA86-4200-B94A-160CB6335777}.Debug|Any CPU.Build.0 = Debug|Any CPU
		{4E113DF1-FA86-4200-B94A-160CB6335777}.Release|Any CPU.ActiveCfg = Release|Any CPU
		{4E113DF1-FA86-4200-B94A-160CB6335777}.Release|Any CPU.Build.0 = Release|Any CPU
		{93DCBA30-E559-4E13-9D91-611FEEFD12D2}.Debug|Any CPU.ActiveCfg = Debug|Any CPU
		{93DCBA30-E559-4E13-9D91-611FEEFD12D2}.Debug|Any CPU.Build.0 = Debug|Any CPU
		{93DCBA30-E559-4E13-9D91-611FEEFD12D2}.Release|Any CPU.ActiveCfg = Release|Any CPU
		{93DCBA30-E559-4E13-9D91-611FEEFD12D2}.Release|Any CPU.Build.0 = Release|Any CPU
		{F5F6ED62-6A70-4D37-BC5B-3FD132B9BE6F}.Debug|Any CPU.ActiveCfg = Debug|Any CPU
		{F5F6ED62-6A70-4D37-BC5B-3FD132B9BE6F}.Debug|Any CPU.Build.0 = Debug|Any CPU
		{F5F6ED62-6A70-4D37-BC5B-3FD132B9BE6F}.Release|Any CPU.ActiveCfg = Release|Any CPU
		{F5F6ED62-6A70-4D37-BC5B-3FD132B9BE6F}.Release|Any CPU.Build.0 = Release|Any CPU
		{C28222AA-0A07-4374-8320-1135C1BF5A99}.Debug|Any CPU.ActiveCfg = Debug|Any CPU
		{C28222AA-0A07-4374-8320-1135C1BF5A99}.Debug|Any CPU.Build.0 = Debug|Any CPU
		{C28222AA-0A07-4374-8320-1135C1BF5A99}.Release|Any CPU.ActiveCfg = Release|Any CPU
		{C28222AA-0A07-4374-8320-1135C1BF5A99}.Release|Any CPU.Build.0 = Release|Any CPU
		{EEC4C726-E21D-49DD-8475-7B1053430B92}.Debug|Any CPU.ActiveCfg = Debug|Any CPU
		{EEC4C726-E21D-49DD-8475-7B1053430B92}.Debug|Any CPU.Build.0 = Debug|Any CPU
		{EEC4C726-E21D-49DD-8475-7B1053430B92}.Release|Any CPU.ActiveCfg = Release|Any CPU
		{EEC4C726-E21D-49DD-8475-7B1053430B92}.Release|Any CPU.Build.0 = Release|Any CPU
		{AFA7C590-8443-4E0C-91C1-52D83AFAFCF0}.Debug|Any CPU.ActiveCfg = Debug|Any CPU
		{AFA7C590-8443-4E0C-91C1-52D83AFAFCF0}.Debug|Any CPU.Build.0 = Debug|Any CPU
		{AFA7C590-8443-4E0C-91C1-52D83AFAFCF0}.Release|Any CPU.ActiveCfg = Release|Any CPU
		{AFA7C590-8443-4E0C-91C1-52D83AFAFCF0}.Release|Any CPU.Build.0 = Release|Any CPU
		{1A9F2FAB-6701-4470-AFD0-56CFF4AD66BC}.Debug|Any CPU.ActiveCfg = Debug|Any CPU
		{1A9F2FAB-6701-4470-AFD0-56CFF4AD66BC}.Debug|Any CPU.Build.0 = Debug|Any CPU
		{1A9F2FAB-6701-4470-AFD0-56CFF4AD66BC}.Release|Any CPU.ActiveCfg = Release|Any CPU
		{1A9F2FAB-6701-4470-AFD0-56CFF4AD66BC}.Release|Any CPU.Build.0 = Release|Any CPU
		{68FE01FF-248B-416F-9C3F-C3BAD0B006BD}.Debug|Any CPU.ActiveCfg = Debug|Any CPU
		{68FE01FF-248B-416F-9C3F-C3BAD0B006BD}.Debug|Any CPU.Build.0 = Debug|Any CPU
		{68FE01FF-248B-416F-9C3F-C3BAD0B006BD}.Release|Any CPU.ActiveCfg = Release|Any CPU
		{68FE01FF-248B-416F-9C3F-C3BAD0B006BD}.Release|Any CPU.Build.0 = Release|Any CPU
		{0E630303-D8EC-4C59-ADFA-019228A8F91A}.Debug|Any CPU.ActiveCfg = Debug|Any CPU
		{0E630303-D8EC-4C59-ADFA-019228A8F91A}.Debug|Any CPU.Build.0 = Debug|Any CPU
		{0E630303-D8EC-4C59-ADFA-019228A8F91A}.Release|Any CPU.ActiveCfg = Release|Any CPU
		{0E630303-D8EC-4C59-ADFA-019228A8F91A}.Release|Any CPU.Build.0 = Release|Any CPU
		{7DCDCB68-E636-4A92-A45E-D3C107A8B381}.Debug|Any CPU.ActiveCfg = Debug|Any CPU
		{7DCDCB68-E636-4A92-A45E-D3C107A8B381}.Debug|Any CPU.Build.0 = Debug|Any CPU
		{7DCDCB68-E636-4A92-A45E-D3C107A8B381}.Release|Any CPU.ActiveCfg = Release|Any CPU
		{7DCDCB68-E636-4A92-A45E-D3C107A8B381}.Release|Any CPU.Build.0 = Release|Any CPU
		{37D06F4C-EFCE-4833-AB40-158C92C6303C}.Debug|Any CPU.ActiveCfg = Debug|Any CPU
		{37D06F4C-EFCE-4833-AB40-158C92C6303C}.Debug|Any CPU.Build.0 = Debug|Any CPU
		{37D06F4C-EFCE-4833-AB40-158C92C6303C}.Release|Any CPU.ActiveCfg = Release|Any CPU
		{37D06F4C-EFCE-4833-AB40-158C92C6303C}.Release|Any CPU.Build.0 = Release|Any CPU
		{38CC63B1-81F3-49F7-A480-62D1BFBFA382}.Debug|Any CPU.ActiveCfg = Debug|Any CPU
		{38CC63B1-81F3-49F7-A480-62D1BFBFA382}.Debug|Any CPU.Build.0 = Debug|Any CPU
		{38CC63B1-81F3-49F7-A480-62D1BFBFA382}.Release|Any CPU.ActiveCfg = Release|Any CPU
		{38CC63B1-81F3-49F7-A480-62D1BFBFA382}.Release|Any CPU.Build.0 = Release|Any CPU
		{C6940A1B-563A-461F-A00D-652A642C6374}.Debug|Any CPU.ActiveCfg = Debug|Any CPU
		{C6940A1B-563A-461F-A00D-652A642C6374}.Debug|Any CPU.Build.0 = Debug|Any CPU
		{C6940A1B-563A-461F-A00D-652A642C6374}.Release|Any CPU.ActiveCfg = Release|Any CPU
		{C6940A1B-563A-461F-A00D-652A642C6374}.Release|Any CPU.Build.0 = Release|Any CPU
		{F7774AD4-80E2-48FA-9FC3-E80C84A022BC}.Debug|Any CPU.ActiveCfg = Debug|Any CPU
		{F7774AD4-80E2-48FA-9FC3-E80C84A022BC}.Debug|Any CPU.Build.0 = Debug|Any CPU
		{F7774AD4-80E2-48FA-9FC3-E80C84A022BC}.Release|Any CPU.ActiveCfg = Release|Any CPU
		{F7774AD4-80E2-48FA-9FC3-E80C84A022BC}.Release|Any CPU.Build.0 = Release|Any CPU
		{B85C0017-33C9-4A8B-A28D-CB10574DE7B8}.Debug|Any CPU.ActiveCfg = Debug|Any CPU
		{B85C0017-33C9-4A8B-A28D-CB10574DE7B8}.Debug|Any CPU.Build.0 = Debug|Any CPU
		{B85C0017-33C9-4A8B-A28D-CB10574DE7B8}.Release|Any CPU.ActiveCfg = Release|Any CPU
		{B85C0017-33C9-4A8B-A28D-CB10574DE7B8}.Release|Any CPU.Build.0 = Release|Any CPU
		{9ADE1F14-EA96-4AB3-B2BA-8E58C4E27A40}.Debug|Any CPU.ActiveCfg = Debug|Any CPU
		{9ADE1F14-EA96-4AB3-B2BA-8E58C4E27A40}.Debug|Any CPU.Build.0 = Debug|Any CPU
		{9ADE1F14-EA96-4AB3-B2BA-8E58C4E27A40}.Release|Any CPU.ActiveCfg = Release|Any CPU
		{9ADE1F14-EA96-4AB3-B2BA-8E58C4E27A40}.Release|Any CPU.Build.0 = Release|Any CPU
		{6952D341-E210-46C4-A4E9-3FD5DFC7B351}.Debug|Any CPU.ActiveCfg = Debug|Any CPU
		{6952D341-E210-46C4-A4E9-3FD5DFC7B351}.Debug|Any CPU.Build.0 = Debug|Any CPU
		{6952D341-E210-46C4-A4E9-3FD5DFC7B351}.Release|Any CPU.ActiveCfg = Release|Any CPU
		{6952D341-E210-46C4-A4E9-3FD5DFC7B351}.Release|Any CPU.Build.0 = Release|Any CPU
		{27CDF77E-4B5F-4A8A-97CD-901689EB185C}.Debug|Any CPU.ActiveCfg = Debug|Any CPU
		{27CDF77E-4B5F-4A8A-97CD-901689EB185C}.Debug|Any CPU.Build.0 = Debug|Any CPU
		{27CDF77E-4B5F-4A8A-97CD-901689EB185C}.Release|Any CPU.ActiveCfg = Release|Any CPU
		{27CDF77E-4B5F-4A8A-97CD-901689EB185C}.Release|Any CPU.Build.0 = Release|Any CPU
	EndGlobalSection
	GlobalSection(SolutionProperties) = preSolution
		HideSolutionNode = FALSE
	EndGlobalSection
	GlobalSection(ExtensibilityGlobals) = postSolution
		SolutionGuid = {E5924D8F-72E0-43AC-B20D-66DF27D50860}
	EndGlobalSection
EndGlobal
